
Microsoft Visual Studio Solution File, Format Version 12.00
Project("{FAE04EC0-301F-11D3-BF4B-00C04F79EFBC}") = "LazyLoading.Api", "LazyLoading.Api\LazyLoading.Api.csproj", "{794E8B8A-D7A2-4AC5-A80E-FD523850FB61}"
EndProject
Project("{FAE04EC0-301F-11D3-BF4B-00C04F79EFBC}") = "LazyLoading.Domain", "LazyLoading.Domain\LazyLoading.Domain.csproj", "{28FAEA8E-9CCB-4FB9-9A7B-879C8A9D5040}"
EndProject
Project("{FAE04EC0-301F-11D3-BF4B-00C04F79EFBC}") = "LazyLoading.Application", "LazyLoading.Application\LazyLoading.Application.csproj", "{9504F557-3E5D-43F4-94E8-A983EF603815}"
EndProject
Project("{FAE04EC0-301F-11D3-BF4B-00C04F79EFBC}") = "LazyLoading.Infrastructure", "LazyLoading.Infrastructure\LazyLoading.Infrastructure.csproj", "{63FBCB6A-D3AE-491A-A1A5-1721710B4ED6}"
EndProject
Global
	GlobalSection(SolutionConfigurationPlatforms) = preSolution
		Debug|Any CPU = Debug|Any CPU
		Release|Any CPU = Release|Any CPU
	EndGlobalSection
	GlobalSection(ProjectConfigurationPlatforms) = postSolution
		{794E8B8A-D7A2-4AC5-A80E-FD523850FB61}.Debug|Any CPU.ActiveCfg = Debug|Any CPU
		{794E8B8A-D7A2-4AC5-A80E-FD523850FB61}.Debug|Any CPU.Build.0 = Debug|Any CPU
		{794E8B8A-D7A2-4AC5-A80E-FD523850FB61}.Release|Any CPU.ActiveCfg = Release|Any CPU
		{794E8B8A-D7A2-4AC5-A80E-FD523850FB61}.Release|Any CPU.Build.0 = Release|Any CPU
		{28FAEA8E-9CCB-4FB9-9A7B-879C8A9D5040}.Debug|Any CPU.ActiveCfg = Debug|Any CPU
		{28FAEA8E-9CCB-4FB9-9A7B-879C8A9D5040}.Debug|Any CPU.Build.0 = Debug|Any CPU
		{28FAEA8E-9CCB-4FB9-9A7B-879C8A9D5040}.Release|Any CPU.ActiveCfg = Release|Any CPU
		{28FAEA8E-9CCB-4FB9-9A7B-879C8A9D5040}.Release|Any CPU.Build.0 = Release|Any CPU
		{9504F557-3E5D-43F4-94E8-A983EF603815}.Debug|Any CPU.ActiveCfg = Debug|Any CPU
		{9504F557-3E5D-43F4-94E8-A983EF603815}.Debug|Any CPU.Build.0 = Debug|Any CPU
		{9504F557-3E5D-43F4-94E8-A983EF603815}.Release|Any CPU.ActiveCfg = Release|Any CPU
		{9504F557-3E5D-43F4-94E8-A983EF603815}.Release|Any CPU.Build.0 = Release|Any CPU
		{63FBCB6A-D3AE-491A-A1A5-1721710B4ED6}.Debug|Any CPU.ActiveCfg = Debug|Any CPU
		{63FBCB6A-D3AE-491A-A1A5-1721710B4ED6}.Debug|Any CPU.Build.0 = Debug|Any CPU
		{63FBCB6A-D3AE-491A-A1A5-1721710B4ED6}.Release|Any CPU.ActiveCfg = Release|Any CPU
		{63FBCB6A-D3AE-491A-A1A5-1721710B4ED6}.Release|Any CPU.Build.0 = Release|Any CPU
	EndGlobalSection
EndGlobal
